
Microsoft Visual Studio Solution File, Format Version 12.00
# Visual Studio Version 16
VisualStudioVersion = 16.0.31205.134
MinimumVisualStudioVersion = 10.0.40219.1
Project("{9A19103F-16F7-4668-BE54-9A1E7A4F7556}") = "MobileStore", "HelloMvcApp\MobileStore.csproj", "{639F07BB-E13B-4870-933A-2B960715F12E}"
EndProject
Project("{9A19103F-16F7-4668-BE54-9A1E7A4F7556}") = "Controllers", "Controllers\Controllers.csproj", "{40B6CC6D-DB3A-4820-9F26-1D0FEF222595}"
EndProject
Project("{9A19103F-16F7-4668-BE54-9A1E7A4F7556}") = "IdentityApp", "IdentityApp\IdentityApp.csproj", "{A5DEE215-E9AD-41CD-8316-7B8FEE30F8F6}"
EndProject
Project("{9A19103F-16F7-4668-BE54-9A1E7A4F7556}") = "CustomIdentityApp", "CustomIdentityApp\CustomIdentityApp.csproj", "{5563019E-9557-4797-8ACD-C4267F9F9714}"
EndProject
Project("{FAE04EC0-301F-11D3-BF4B-00C04F79EFBC}") = "Chapter_10_Views", "Chapter_10_Views\Chapter_10_Views.csproj", "{1E74154C-F3EF-4739-9E47-C5283B4E673F}"
EndProject
Global
	GlobalSection(SolutionConfigurationPlatforms) = preSolution
		Debug|Any CPU = Debug|Any CPU
		Release|Any CPU = Release|Any CPU
	EndGlobalSection
	GlobalSection(ProjectConfigurationPlatforms) = postSolution
		{639F07BB-E13B-4870-933A-2B960715F12E}.Debug|Any CPU.ActiveCfg = Debug|Any CPU
		{639F07BB-E13B-4870-933A-2B960715F12E}.Debug|Any CPU.Build.0 = Debug|Any CPU
		{639F07BB-E13B-4870-933A-2B960715F12E}.Release|Any CPU.ActiveCfg = Release|Any CPU
		{639F07BB-E13B-4870-933A-2B960715F12E}.Release|Any CPU.Build.0 = Release|Any CPU
		{40B6CC6D-DB3A-4820-9F26-1D0FEF222595}.Debug|Any CPU.ActiveCfg = Debug|Any CPU
		{40B6CC6D-DB3A-4820-9F26-1D0FEF222595}.Debug|Any CPU.Build.0 = Debug|Any CPU
		{40B6CC6D-DB3A-4820-9F26-1D0FEF222595}.Release|Any CPU.ActiveCfg = Release|Any CPU
		{40B6CC6D-DB3A-4820-9F26-1D0FEF222595}.Release|Any CPU.Build.0 = Release|Any CPU
		{A5DEE215-E9AD-41CD-8316-7B8FEE30F8F6}.Debug|Any CPU.ActiveCfg = Debug|Any CPU
		{A5DEE215-E9AD-41CD-8316-7B8FEE30F8F6}.Debug|Any CPU.Build.0 = Debug|Any CPU
		{A5DEE215-E9AD-41CD-8316-7B8FEE30F8F6}.Release|Any CPU.ActiveCfg = Release|Any CPU
		{A5DEE215-E9AD-41CD-8316-7B8FEE30F8F6}.Release|Any CPU.Build.0 = Release|Any CPU
		{5563019E-9557-4797-8ACD-C4267F9F9714}.Debug|Any CPU.ActiveCfg = Debug|Any CPU
		{5563019E-9557-4797-8ACD-C4267F9F9714}.Debug|Any CPU.Build.0 = Debug|Any CPU
		{5563019E-9557-4797-8ACD-C4267F9F9714}.Release|Any CPU.ActiveCfg = Release|Any CPU
		{5563019E-9557-4797-8ACD-C4267F9F9714}.Release|Any CPU.Build.0 = Release|Any CPU
		{1E74154C-F3EF-4739-9E47-C5283B4E673F}.Debug|Any CPU.ActiveCfg = Debug|Any CPU
		{1E74154C-F3EF-4739-9E47-C5283B4E673F}.Debug|Any CPU.Build.0 = Debug|Any CPU
		{1E74154C-F3EF-4739-9E47-C5283B4E673F}.Release|Any CPU.ActiveCfg = Release|Any CPU
		{1E74154C-F3EF-4739-9E47-C5283B4E673F}.Release|Any CPU.Build.0 = Release|Any CPU
	EndGlobalSection
	GlobalSection(SolutionProperties) = preSolution
		HideSolutionNode = FALSE
	EndGlobalSection
	GlobalSection(ExtensibilityGlobals) = postSolution
		SolutionGuid = {AE28E56C-CF3F-4EAB-B602-B8E864F502A5}
	EndGlobalSection
EndGlobal
